
Microsoft Visual Studio Solution File, Format Version 12.00
# Visual Studio Version 16
VisualStudioVersion = 16.0.30804.86
MinimumVisualStudioVersion = 10.0.40219.1
Project("{9A19103F-16F7-4668-BE54-9A1E7A4F7556}") = "MiniBlog.Server", "Server\MiniBlog.Server.csproj", "{94B0D028-D243-4ABA-8669-065DDF34277F}"
EndProject
Project("{9A19103F-16F7-4668-BE54-9A1E7A4F7556}") = "MiniBlog.Client", "Client\MiniBlog.Client.csproj", "{665FD1EB-A407-4D3C-9F95-26E0791866AA}"
EndProject
Project("{9A19103F-16F7-4668-BE54-9A1E7A4F7556}") = "MiniBlog.Shared", "Shared\MiniBlog.Shared.csproj", "{C5505A22-2E4B-4AEF-996D-3FEBA140C18A}"
EndProject
Project("{FAE04EC0-301F-11D3-BF4B-00C04F79EFBC}") = "MiniBlog.Data", "Data\MiniBlog.Data.csproj", "{4800A59A-7692-4B08-987C-A0C85F2EE3A6}"
EndProject
Global
	GlobalSection(SolutionConfigurationPlatforms) = preSolution
		Debug|Any CPU = Debug|Any CPU
		Release|Any CPU = Release|Any CPU
	EndGlobalSection
	GlobalSection(ProjectConfigurationPlatforms) = postSolution
		{94B0D028-D243-4ABA-8669-065DDF34277F}.Debug|Any CPU.ActiveCfg = Debug|Any CPU
		{94B0D028-D243-4ABA-8669-065DDF34277F}.Debug|Any CPU.Build.0 = Debug|Any CPU
		{94B0D028-D243-4ABA-8669-065DDF34277F}.Release|Any CPU.ActiveCfg = Release|Any CPU
		{94B0D028-D243-4ABA-8669-065DDF34277F}.Release|Any CPU.Build.0 = Release|Any CPU
		{665FD1EB-A407-4D3C-9F95-26E0791866AA}.Debug|Any CPU.ActiveCfg = Debug|Any CPU
		{665FD1EB-A407-4D3C-9F95-26E0791866AA}.Debug|Any CPU.Build.0 = Debug|Any CPU
		{665FD1EB-A407-4D3C-9F95-26E0791866AA}.Release|Any CPU.ActiveCfg = Release|Any CPU
		{665FD1EB-A407-4D3C-9F95-26E0791866AA}.Release|Any CPU.Build.0 = Release|Any CPU
		{C5505A22-2E4B-4AEF-996D-3FEBA140C18A}.Debug|Any CPU.ActiveCfg = Debug|Any CPU
		{C5505A22-2E4B-4AEF-996D-3FEBA140C18A}.Debug|Any CPU.Build.0 = Debug|Any CPU
		{C5505A22-2E4B-4AEF-996D-3FEBA140C18A}.Release|Any CPU.ActiveCfg = Release|Any CPU
		{C5505A22-2E4B-4AEF-996D-3FEBA140C18A}.Release|Any CPU.Build.0 = Release|Any CPU
		{4800A59A-7692-4B08-987C-A0C85F2EE3A6}.Debug|Any CPU.ActiveCfg = Debug|Any CPU
		{4800A59A-7692-4B08-987C-A0C85F2EE3A6}.Debug|Any CPU.Build.0 = Debug|Any CPU
		{4800A59A-7692-4B08-987C-A0C85F2EE3A6}.Release|Any CPU.ActiveCfg = Release|Any CPU
		{4800A59A-7692-4B08-987C-A0C85F2EE3A6}.Release|Any CPU.Build.0 = Release|Any CPU
	EndGlobalSection
	GlobalSection(SolutionProperties) = preSolution
		HideSolutionNode = FALSE
	EndGlobalSection
	GlobalSection(ExtensibilityGlobals) = postSolution
		SolutionGuid = {23E96192-C965-4D66-9CAB-8232F72294D1}
	EndGlobalSection
EndGlobal
